
Microsoft Visual Studio Solution File, Format Version 12.00
# Visual Studio Version 17
VisualStudioVersion = 17.1.32228.430
MinimumVisualStudioVersion = 10.0.40219.1
Project("{FAE04EC0-301F-11D3-BF4B-00C04F79EFBC}") = "Geometry", "Geometry\Geometry.csproj", "{AC081D5B-DFE6-4AC6-9981-53FF6D405525}"
EndProject
Global
	GlobalSection(SolutionConfigurationPlatforms) = preSolution
		Debug|Any CPU = Debug|Any CPU
		Release|Any CPU = Release|Any CPU
	EndGlobalSection
	GlobalSection(ProjectConfigurationPlatforms) = postSolution
		{AC081D5B-DFE6-4AC6-9981-53FF6D405525}.Debug|Any CPU.ActiveCfg = Debug|Any CPU
		{AC081D5B-DFE6-4AC6-9981-53FF6D405525}.Debug|Any CPU.Build.0 = Debug|Any CPU
		{AC081D5B-DFE6-4AC6-9981-53FF6D405525}.Release|Any CPU.ActiveCfg = Release|Any CPU
		{AC081D5B-DFE6-4AC6-9981-53FF6D405525}.Release|Any CPU.Build.0 = Release|Any CPU
	EndGlobalSection
	GlobalSection(SolutionProperties) = preSolution
		HideSolutionNode = FALSE
	EndGlobalSection
	GlobalSection(ExtensibilityGlobals) = postSolution
		SolutionGuid = {7015A721-7F1C-49D5-86F8-D15C6F211843}
	EndGlobalSection
EndGlobal
